// !$*UTF8*$!
{
	archiveVersion = 1;
	classes = {
	};
	objectVersion = 46;
	objects = {

/* Begin PBXBuildFile section */
		9E3AFC5D19706EAD00A87688 /* GRMaskView.m in Sources */ = {isa = PBXBuildFile; fileRef = 9E3AFC5C19706EAD00A87688 /* GRMaskView.m */; };
		9E43F6CA1965B0CF0025A2FA /* GRForce.m in Sources */ = {isa = PBXBuildFile; fileRef = 9E43F6C91965B0CF0025A2FA /* GRForce.m */; };
		9EDE490E1965418100994D55 /* Foundation.framework in Frameworks */ = {isa = PBXBuildFile; fileRef = 9EDE490D1965418100994D55 /* Foundation.framework */; };
		9EDE49101965418100994D55 /* CoreGraphics.framework in Frameworks */ = {isa = PBXBuildFile; fileRef = 9EDE490F1965418100994D55 /* CoreGraphics.framework */; };
		9EDE49121965418100994D55 /* UIKit.framework in Frameworks */ = {isa = PBXBuildFile; fileRef = 9EDE49111965418100994D55 /* UIKit.framework */; };
		9EDE49181965418100994D55 /* InfoPlist.strings in Resources */ = {isa = PBXBuildFile; fileRef = 9EDE49161965418100994D55 /* InfoPlist.strings */; };
		9EDE491A1965418100994D55 /* main.m in Sources */ = {isa = PBXBuildFile; fileRef = 9EDE49191965418100994D55 /* main.m */; };
		9EDE491E1965418100994D55 /* GRAppDelegate.m in Sources */ = {isa = PBXBuildFile; fileRef = 9EDE491D1965418100994D55 /* GRAppDelegate.m */; };
		9EDE49211965418100994D55 /* Main.storyboard in Resources */ = {isa = PBXBuildFile; fileRef = 9EDE491F1965418100994D55 /* Main.storyboard */; };
		9EDE49241965418100994D55 /* GRViewController.m in Sources */ = {isa = PBXBuildFile; fileRef = 9EDE49231965418100994D55 /* GRViewController.m */; };
		9EDE49261965418100994D55 /* Images.xcassets in Resources */ = {isa = PBXBuildFile; fileRef = 9EDE49251965418100994D55 /* Images.xcassets */; };
		9EDE492D1965418100994D55 /* XCTest.framework in Frameworks */ = {isa = PBXBuildFile; fileRef = 9EDE492C1965418100994D55 /* XCTest.framework */; };
		9EDE492E1965418100994D55 /* Foundation.framework in Frameworks */ = {isa = PBXBuildFile; fileRef = 9EDE490D1965418100994D55 /* Foundation.framework */; };
		9EDE492F1965418100994D55 /* UIKit.framework in Frameworks */ = {isa = PBXBuildFile; fileRef = 9EDE49111965418100994D55 /* UIKit.framework */; };
		9EDE49371965418100994D55 /* InfoPlist.strings in Resources */ = {isa = PBXBuildFile; fileRef = 9EDE49351965418100994D55 /* InfoPlist.strings */; };
		9EDE49391965418100994D55 /* GraphLoaderTests.m in Sources */ = {isa = PBXBuildFile; fileRef = 9EDE49381965418100994D55 /* GraphLoaderTests.m */; };
		9EDE4943196541A900994D55 /* loading@2x.png in Resources */ = {isa = PBXBuildFile; fileRef = 9EDE4942196541A900994D55 /* loading@2x.png */; };
		9EDE4946196566AC00994D55 /* GRBubble.m in Sources */ = {isa = PBXBuildFile; fileRef = 9EDE4945196566AC00994D55 /* GRBubble.m */; };
/* End PBXBuildFile section */

/* Begin PBXContainerItemProxy section */
		9EDE49301965418100994D55 /* PBXContainerItemProxy */ = {
			isa = PBXContainerItemProxy;
			containerPortal = 9EDE49021965418100994D55 /* Project object */;
			proxyType = 1;
			remoteGlobalIDString = 9EDE49091965418100994D55;
			remoteInfo = GraphLoader;
		};
/* End PBXContainerItemProxy section */

/* Begin PBXFileReference section */
		9E3AFC5B19706EAD00A87688 /* GRMaskView.h */ = {isa = PBXFileReference; fileEncoding = 4; lastKnownFileType = sourcecode.c.h; path = GRMaskView.h; sourceTree = "<group>"; };
		9E3AFC5C19706EAD00A87688 /* GRMaskView.m */ = {isa = PBXFileReference; fileEncoding = 4; lastKnownFileType = sourcecode.c.objc; path = GRMaskView.m; sourceTree = "<group>"; };
		9E43F6C81965B0CF0025A2FA /* GRForce.h */ = {isa = PBXFileReference; fileEncoding = 4; lastKnownFileType = sourcecode.c.h; path = GRForce.h; sourceTree = "<group>"; };
		9E43F6C91965B0CF0025A2FA /* GRForce.m */ = {isa = PBXFileReference; fileEncoding = 4; lastKnownFileType = sourcecode.c.objc; path = GRForce.m; sourceTree = "<group>"; };
		9EDE490A1965418100994D55 /* GraphLoader.app */ = {isa = PBXFileReference; explicitFileType = wrapper.application; includeInIndex = 0; path = GraphLoader.app; sourceTree = BUILT_PRODUCTS_DIR; };
		9EDE490D1965418100994D55 /* Foundation.framework */ = {isa = PBXFileReference; lastKnownFileType = wrapper.framework; name = Foundation.framework; path = System/Library/Frameworks/Foundation.framework; sourceTree = SDKROOT; };
		9EDE490F1965418100994D55 /* CoreGraphics.framework */ = {isa = PBXFileReference; lastKnownFileType = wrapper.framework; name = CoreGraphics.framework; path = System/Library/Frameworks/CoreGraphics.framework; sourceTree = SDKROOT; };
		9EDE49111965418100994D55 /* UIKit.framework */ = {isa = PBXFileReference; lastKnownFileType = wrapper.framework; name = UIKit.framework; path = System/Library/Frameworks/UIKit.framework; sourceTree = SDKROOT; };
		9EDE49151965418100994D55 /* GraphLoader-Info.plist */ = {isa = PBXFileReference; lastKnownFileType = text.plist.xml; path = "GraphLoader-Info.plist"; sourceTree = "<group>"; };
		9EDE49171965418100994D55 /* en */ = {isa = PBXFileReference; lastKnownFileType = text.plist.strings; name = en; path = en.lproj/InfoPlist.strings; sourceTree = "<group>"; };
		9EDE49191965418100994D55 /* main.m */ = {isa = PBXFileReference; lastKnownFileType = sourcecode.c.objc; path = main.m; sourceTree = "<group>"; };
		9EDE491B1965418100994D55 /* GraphLoader-Prefix.pch */ = {isa = PBXFileReference; lastKnownFileType = sourcecode.c.h; path = "GraphLoader-Prefix.pch"; sourceTree = "<group>"; };
		9EDE491C1965418100994D55 /* GRAppDelegate.h */ = {isa = PBXFileReference; lastKnownFileType = sourcecode.c.h; path = GRAppDelegate.h; sourceTree = "<group>"; };
		9EDE491D1965418100994D55 /* GRAppDelegate.m */ = {isa = PBXFileReference; lastKnownFileType = sourcecode.c.objc; path = GRAppDelegate.m; sourceTree = "<group>"; };
		9EDE49201965418100994D55 /* Base */ = {isa = PBXFileReference; lastKnownFileType = file.storyboard; name = Base; path = Base.lproj/Main.storyboard; sourceTree = "<group>"; };
		9EDE49221965418100994D55 /* GRViewController.h */ = {isa = PBXFileReference; lastKnownFileType = sourcecode.c.h; path = GRViewController.h; sourceTree = "<group>"; };
		9EDE49231965418100994D55 /* GRViewController.m */ = {isa = PBXFileReference; lastKnownFileType = sourcecode.c.objc; path = GRViewController.m; sourceTree = "<group>"; };
		9EDE49251965418100994D55 /* Images.xcassets */ = {isa = PBXFileReference; lastKnownFileType = folder.assetcatalog; path = Images.xcassets; sourceTree = "<group>"; };
		9EDE492B1965418100994D55 /* GraphLoaderTests.xctest */ = {isa = PBXFileReference; explicitFileType = wrapper.cfbundle; includeInIndex = 0; path = GraphLoaderTests.xctest; sourceTree = BUILT_PRODUCTS_DIR; };
		9EDE492C1965418100994D55 /* XCTest.framework */ = {isa = PBXFileReference; lastKnownFileType = wrapper.framework; name = XCTest.framework; path = Library/Frameworks/XCTest.framework; sourceTree = DEVELOPER_DIR; };
		9EDE49341965418100994D55 /* GraphLoaderTests-Info.plist */ = {isa = PBXFileReference; lastKnownFileType = text.plist.xml; path = "GraphLoaderTests-Info.plist"; sourceTree = "<group>"; };
		9EDE49361965418100994D55 /* en */ = {isa = PBXFileReference; lastKnownFileType = text.plist.strings; name = en; path = en.lproj/InfoPlist.strings; sourceTree = "<group>"; };
		9EDE49381965418100994D55 /* GraphLoaderTests.m */ = {isa = PBXFileReference; lastKnownFileType = sourcecode.c.objc; path = GraphLoaderTests.m; sourceTree = "<group>"; };
		9EDE4942196541A900994D55 /* loading@2x.png */ = {isa = PBXFileReference; lastKnownFileType = image.png; path = "loading@2x.png"; sourceTree = "<group>"; };
		9EDE4944196566AC00994D55 /* GRBubble.h */ = {isa = PBXFileReference; fileEncoding = 4; lastKnownFileType = sourcecode.c.h; path = GRBubble.h; sourceTree = "<group>"; };
		9EDE4945196566AC00994D55 /* GRBubble.m */ = {isa = PBXFileReference; fileEncoding = 4; lastKnownFileType = sourcecode.c.objc; path = GRBubble.m; sourceTree = "<group>"; };
/* End PBXFileReference section */

/* Begin PBXFrameworksBuildPhase section */
		9EDE49071965418100994D55 /* Frameworks */ = {
			isa = PBXFrameworksBuildPhase;
			buildActionMask = 2147483647;
			files = (
				9EDE49101965418100994D55 /* CoreGraphics.framework in Frameworks */,
				9EDE49121965418100994D55 /* UIKit.framework in Frameworks */,
				9EDE490E1965418100994D55 /* Foundation.framework in Frameworks */,
			);
			runOnlyForDeploymentPostprocessing = 0;
		};
		9EDE49281965418100994D55 /* Frameworks */ = {
			isa = PBXFrameworksBuildPhase;
			buildActionMask = 2147483647;
			files = (
				9EDE492D1965418100994D55 /* XCTest.framework in Frameworks */,
				9EDE492F1965418100994D55 /* UIKit.framework in Frameworks */,
				9EDE492E1965418100994D55 /* Foundation.framework in Frameworks */,
			);
			runOnlyForDeploymentPostprocessing = 0;
		};
/* End PBXFrameworksBuildPhase section */

/* Begin PBXGroup section */
		9EDE49011965418100994D55 = {
			isa = PBXGroup;
			children = (
				9EDE49131965418100994D55 /* GraphLoader */,
				9EDE49321965418100994D55 /* GraphLoaderTests */,
				9EDE490C1965418100994D55 /* Frameworks */,
				9EDE490B1965418100994D55 /* Products */,
			);
			sourceTree = "<group>";
		};
		9EDE490B1965418100994D55 /* Products */ = {
			isa = PBXGroup;
			children = (
				9EDE490A1965418100994D55 /* GraphLoader.app */,
				9EDE492B1965418100994D55 /* GraphLoaderTests.xctest */,
			);
			name = Products;
			sourceTree = "<group>";
		};
		9EDE490C1965418100994D55 /* Frameworks */ = {
			isa = PBXGroup;
			children = (
				9EDE490D1965418100994D55 /* Foundation.framework */,
				9EDE490F1965418100994D55 /* CoreGraphics.framework */,
				9EDE49111965418100994D55 /* UIKit.framework */,
				9EDE492C1965418100994D55 /* XCTest.framework */,
			);
			name = Frameworks;
			sourceTree = "<group>";
		};
		9EDE49131965418100994D55 /* GraphLoader */ = {
			isa = PBXGroup;
			children = (
				9EDE491C1965418100994D55 /* GRAppDelegate.h */,
				9EDE491D1965418100994D55 /* GRAppDelegate.m */,
				9EDE491F1965418100994D55 /* Main.storyboard */,
				9EDE49221965418100994D55 /* GRViewController.h */,
				9EDE49231965418100994D55 /* GRViewController.m */,
				9EDE4944196566AC00994D55 /* GRBubble.h */,
				9EDE4945196566AC00994D55 /* GRBubble.m */,
				9E43F6C81965B0CF0025A2FA /* GRForce.h */,
				9E43F6C91965B0CF0025A2FA /* GRForce.m */,
				9E3AFC5B19706EAD00A87688 /* GRMaskView.h */,
				9E3AFC5C19706EAD00A87688 /* GRMaskView.m */,
				9EDE49251965418100994D55 /* Images.xcassets */,
				9EDE4942196541A900994D55 /* loading@2x.png */,
				9EDE49141965418100994D55 /* Supporting Files */,
			);
			path = GraphLoader;
			sourceTree = "<group>";
		};
		9EDE49141965418100994D55 /* Supporting Files */ = {
			isa = PBXGroup;
			children = (
				9EDE49151965418100994D55 /* GraphLoader-Info.plist */,
				9EDE49161965418100994D55 /* InfoPlist.strings */,
				9EDE49191965418100994D55 /* main.m */,
				9EDE491B1965418100994D55 /* GraphLoader-Prefix.pch */,
			);
			name = "Supporting Files";
			sourceTree = "<group>";
		};
		9EDE49321965418100994D55 /* GraphLoaderTests */ = {
			isa = PBXGroup;
			children = (
				9EDE49381965418100994D55 /* GraphLoaderTests.m */,
				9EDE49331965418100994D55 /* Supporting Files */,
			);
			path = GraphLoaderTests;
			sourceTree = "<group>";
		};
		9EDE49331965418100994D55 /* Supporting Files */ = {
			isa = PBXGroup;
			children = (
				9EDE49341965418100994D55 /* GraphLoaderTests-Info.plist */,
				9EDE49351965418100994D55 /* InfoPlist.strings */,
			);
			name = "Supporting Files";
			sourceTree = "<group>";
		};
/* End PBXGroup section */

/* Begin PBXNativeTarget section */
		9EDE49091965418100994D55 /* GraphLoader */ = {
			isa = PBXNativeTarget;
			buildConfigurationList = 9EDE493C1965418100994D55 /* Build configuration list for PBXNativeTarget "GraphLoader" */;
			buildPhases = (
				9EDE49061965418100994D55 /* Sources */,
				9EDE49071965418100994D55 /* Frameworks */,
				9EDE49081965418100994D55 /* Resources */,
			);
			buildRules = (
			);
			dependencies = (
			);
			name = GraphLoader;
			productName = GraphLoader;
			productReference = 9EDE490A1965418100994D55 /* GraphLoader.app */;
			productType = "com.apple.product-type.application";
		};
		9EDE492A1965418100994D55 /* GraphLoaderTests */ = {
			isa = PBXNativeTarget;
			buildConfigurationList = 9EDE493F1965418100994D55 /* Build configuration list for PBXNativeTarget "GraphLoaderTests" */;
			buildPhases = (
				9EDE49271965418100994D55 /* Sources */,
				9EDE49281965418100994D55 /* Frameworks */,
				9EDE49291965418100994D55 /* Resources */,
			);
			buildRules = (
			);
			dependencies = (
				9EDE49311965418100994D55 /* PBXTargetDependency */,
			);
			name = GraphLoaderTests;
			productName = GraphLoaderTests;
			productReference = 9EDE492B1965418100994D55 /* GraphLoaderTests.xctest */;
			productType = "com.apple.product-type.bundle.unit-test";
		};
/* End PBXNativeTarget section */

/* Begin PBXProject section */
		9EDE49021965418100994D55 /* Project object */ = {
			isa = PBXProject;
			attributes = {
				CLASSPREFIX = GR;
				LastUpgradeCheck = 0510;
				ORGANIZATIONNAME = michaelscaria;
				TargetAttributes = {
					9EDE492A1965418100994D55 = {
						TestTargetID = 9EDE49091965418100994D55;
					};
				};
			};
			buildConfigurationList = 9EDE49051965418100994D55 /* Build configuration list for PBXProject "GraphLoader" */;
			compatibilityVersion = "Xcode 3.2";
			developmentRegion = English;
			hasScannedForEncodings = 0;
			knownRegions = (
				en,
				Base,
			);
			mainGroup = 9EDE49011965418100994D55;
			productRefGroup = 9EDE490B1965418100994D55 /* Products */;
			projectDirPath = "";
			projectRoot = "";
			targets = (
				9EDE49091965418100994D55 /* GraphLoader */,
				9EDE492A1965418100994D55 /* GraphLoaderTests */,
			);
		};
/* End PBXProject section */

/* Begin PBXResourcesBuildPhase section */
		9EDE49081965418100994D55 /* Resources */ = {
			isa = PBXResourcesBuildPhase;
			buildActionMask = 2147483647;
			files = (
				9EDE49261965418100994D55 /* Images.xcassets in Resources */,
				9EDE4943196541A900994D55 /* loading@2x.png in Resources */,
				9EDE49181965418100994D55 /* InfoPlist.strings in Resources */,
				9EDE49211965418100994D55 /* Main.storyboard in Resources */,
			);
			runOnlyForDeploymentPostprocessing = 0;
		};
		9EDE49291965418100994D55 /* Resources */ = {
			isa = PBXResourcesBuildPhase;
			buildActionMask = 2147483647;
			files = (
				9EDE49371965418100994D55 /* InfoPlist.strings in Resources */,
			);
			runOnlyForDeploymentPostprocessing = 0;
		};
/* End PBXResourcesBuildPhase section */

/* Begin PBXSourcesBuildPhase section */
		9EDE49061965418100994D55 /* Sources */ = {
			isa = PBXSourcesBuildPhase;
			buildActionMask = 2147483647;
			files = (
				9EDE491A1965418100994D55 /* main.m in Sources */,
				9E43F6CA1965B0CF0025A2FA /* GRForce.m in Sources */,
				9EDE49241965418100994D55 /* GRViewController.m in Sources */,
				9EDE4946196566AC00994D55 /* GRBubble.m in Sources */,
				9EDE491E1965418100994D55 /* GRAppDelegate.m in Sources */,
				9E3AFC5D19706EAD00A87688 /* GRMaskView.m in Sources */,
			);
			runOnlyForDeploymentPostprocessing = 0;
		};
		9EDE49271965418100994D55 /* Sources */ = {
			isa = PBXSourcesBuildPhase;
			buildActionMask = 2147483647;
			files = (
				9EDE49391965418100994D55 /* GraphLoaderTests.m in Sources */,
			);
			runOnlyForDeploymentPostprocessing = 0;
		};
/* End PBXSourcesBuildPhase section */

/* Begin PBXTargetDependency section */
		9EDE49311965418100994D55 /* PBXTargetDependency */ = {
			isa = PBXTargetDependency;
			target = 9EDE49091965418100994D55 /* GraphLoader */;
			targetProxy = 9EDE49301965418100994D55 /* PBXContainerItemProxy */;
		};
/* End PBXTargetDependency section */

/* Begin PBXVariantGroup section */
		9EDE49161965418100994D55 /* InfoPlist.strings */ = {
			isa = PBXVariantGroup;
			children = (
				9EDE49171965418100994D55 /* en */,
			);
			name = InfoPlist.strings;
			sourceTree = "<group>";
		};
		9EDE491F1965418100994D55 /* Main.storyboard */ = {
			isa = PBXVariantGroup;
			children = (
				9EDE49201965418100994D55 /* Base */,
			);
			name = Main.storyboard;
			sourceTree = "<group>";
		};
		9EDE49351965418100994D55 /* InfoPlist.strings */ = {
			isa = PBXVariantGroup;
			children = (
				9EDE49361965418100994D55 /* en */,
			);
			name = InfoPlist.strings;
			sourceTree = "<group>";
		};
/* End PBXVariantGroup section */

/* Begin XCBuildConfiguration section */
		9EDE493A1965418100994D55 /* Debug */ = {
			isa = XCBuildConfiguration;
			buildSettings = {
				ALWAYS_SEARCH_USER_PATHS = NO;
				CLANG_CXX_LANGUAGE_STANDARD = "gnu++0x";
				CLANG_CXX_LIBRARY = "libc++";
				CLANG_ENABLE_MODULES = YES;
				CLANG_ENABLE_OBJC_ARC = YES;
				CLANG_WARN_BOOL_CONVERSION = YES;
				CLANG_WARN_CONSTANT_CONVERSION = YES;
				CLANG_WARN_DIRECT_OBJC_ISA_USAGE = YES_ERROR;
				CLANG_WARN_EMPTY_BODY = YES;
				CLANG_WARN_ENUM_CONVERSION = YES;
				CLANG_WARN_INT_CONVERSION = YES;
				CLANG_WARN_OBJC_ROOT_CLASS = YES_ERROR;
				CLANG_WARN__DUPLICATE_METHOD_MATCH = YES;
				"CODE_SIGN_IDENTITY[sdk=iphoneos*]" = "iPhone Developer";
				COPY_PHASE_STRIP = NO;
				GCC_C_LANGUAGE_STANDARD = gnu99;
				GCC_DYNAMIC_NO_PIC = NO;
				GCC_OPTIMIZATION_LEVEL = 0;
				GCC_PREPROCESSOR_DEFINITIONS = (
					"DEBUG=1",
					"$(inherited)",
				);
				GCC_SYMBOLS_PRIVATE_EXTERN = NO;
				GCC_WARN_64_TO_32_BIT_CONVERSION = YES;
				GCC_WARN_ABOUT_RETURN_TYPE = YES_ERROR;
				GCC_WARN_UNDECLARED_SELECTOR = YES;
				GCC_WARN_UNINITIALIZED_AUTOS = YES_AGGRESSIVE;
				GCC_WARN_UNUSED_FUNCTION = YES;
				GCC_WARN_UNUSED_VARIABLE = YES;
				IPHONEOS_DEPLOYMENT_TARGET = 7.1;
				ONLY_ACTIVE_ARCH = YES;
				SDKROOT = iphoneos;
			};
			name = Debug;
		};
		9EDE493B1965418100994D55 /* Release */ = {
			isa = XCBuildConfiguration;
			buildSettings = {
				ALWAYS_SEARCH_USER_PATHS = NO;
				CLANG_CXX_LANGUAGE_STANDARD = "gnu++0x";
				CLANG_CXX_LIBRARY = "libc++";
				CLANG_ENABLE_MODULES = YES;
				CLANG_ENABLE_OBJC_ARC = YES;
				CLANG_WARN_BOOL_CONVERSION = YES;
				CLANG_WARN_CONSTANT_CONVERSION = YES;
				CLANG_WARN_DIRECT_OBJC_ISA_USAGE = YES_ERROR;
				CLANG_WARN_EMPTY_BODY = YES;
				CLANG_WARN_ENUM_CONVERSION = YES;
				CLANG_WARN_INT_CONVERSION = YES;
				CLANG_WARN_OBJC_ROOT_CLASS = YES_ERROR;
				CLANG_WARN__DUPLICATE_METHOD_MATCH = YES;
				"CODE_SIGN_IDENTITY[sdk=iphoneos*]" = "iPhone Developer";
				COPY_PHASE_STRIP = YES;
				ENABLE_NS_ASSERTIONS = NO;
				GCC_C_LANGUAGE_STANDARD = gnu99;
				GCC_WARN_64_TO_32_BIT_CONVERSION = YES;
				GCC_WARN_ABOUT_RETURN_TYPE = YES_ERROR;
				GCC_WARN_UNDECLARED_SELECTOR = YES;
				GCC_WARN_UNINITIALIZED_AUTOS = YES_AGGRESSIVE;
				GCC_WARN_UNUSED_FUNCTION = YES;
				GCC_WARN_UNUSED_VARIABLE = YES;
				IPHONEOS_DEPLOYMENT_TARGET = 7.1;
				SDKROOT = iphoneos;
				VALIDATE_PRODUCT = YES;
			};
			name = Release;
		};
		9EDE493D1965418100994D55 /* Debug */ = {
			isa = XCBuildConfiguration;
			buildSettings = {
				ASSETCATALOG_COMPILER_APPICON_NAME = AppIcon;
				ASSETCATALOG_COMPILER_LAUNCHIMAGE_NAME = LaunchImage;
				GCC_PRECOMPILE_PREFIX_HEADER = YES;
				GCC_PREFIX_HEADER = "GraphLoader/GraphLoader-Prefix.pch";
				INFOPLIST_FILE = "GraphLoader/GraphLoader-Info.plist";
				PRODUCT_NAME = "$(TARGET_NAME)";
				WRAPPER_EXTENSION = app;
			};
			name = Debug;
		};
		9EDE493E1965418100994D55 /* Release */ = {
			isa = XCBuildConfiguration;
			buildSettings = {
				ASSETCATALOG_COMPILER_APPICON_NAME = AppIcon;
				ASSETCATALOG_COMPILER_LAUNCHIMAGE_NAME = LaunchImage;
				GCC_PRECOMPILE_PREFIX_HEADER = YES;
				GCC_PREFIX_HEADER = "GraphLoader/GraphLoader-Prefix.pch";
				INFOPLIST_FILE = "GraphLoader/GraphLoader-Info.plist";
				PRODUCT_NAME = "$(TARGET_NAME)";
				WRAPPER_EXTENSION = app;
			};
			name = Release;
		};
		9EDE49401965418100994D55 /* Debug */ = {
			isa = XCBuildConfiguration;
			buildSettings = {
				BUNDLE_LOADER = "$(BUILT_PRODUCTS_DIR)/GraphLoader.app/GraphLoader";
				FRAMEWORK_SEARCH_PATHS = (
					"$(SDKROOT)/Developer/Library/Frameworks",
					"$(inherited)",
					"$(DEVELOPER_FRAMEWORKS_DIR)",
				);
				GCC_PRECOMPILE_PREFIX_HEADER = YES;
				GCC_PREFIX_HEADER = "GraphLoader/GraphLoader-Prefix.pch";
				GCC_PREPROCESSOR_DEFINITIONS = (
					"DEBUG=1",
					"$(inherited)",
				);
				INFOPLIST_FILE = "GraphLoaderTests/GraphLoaderTests-Info.plist";
				PRODUCT_NAME = "$(TARGET_NAME)";
				TEST_HOST = "$(BUNDLE_LOADER)";
				WRAPPER_EXTENSION = xctest;
			};
			name = Debug;
		};
		9EDE49411965418100994D55 /* Release */ = {
			isa = XCBuildConfiguration;
			buildSettings = {
				BUNDLE_LOADER = "$(BUILT_PRODUCTS_DIR)/GraphLoader.app/GraphLoader";
				FRAMEWORK_SEARCH_PATHS = (
					"$(SDKROOT)/Developer/Library/Frameworks",
					"$(inherited)",
					"$(DEVELOPER_FRAMEWORKS_DIR)",
				);
				GCC_PRECOMPILE_PREFIX_HEADER = YES;
				GCC_PREFIX_HEADER = "GraphLoader/GraphLoader-Prefix.pch";
				INFOPLIST_FILE = "GraphLoaderTests/GraphLoaderTests-Info.plist";
				PRODUCT_NAME = "$(TARGET_NAME)";
				TEST_HOST = "$(BUNDLE_LOADER)";
				WRAPPER_EXTENSION = xctest;
			};
			name = Release;
		};
/* End XCBuildConfiguration section */

/* Begin XCConfigurationList section */
		9EDE49051965418100994D55 /* Build configuration list for PBXProject "GraphLoader" */ = {
			isa = XCConfigurationList;
			buildConfigurations = (
				9EDE493A1965418100994D55 /* Debug */,
				9EDE493B1965418100994D55 /* Release */,
			);
			defaultConfigurationIsVisible = 0;
			defaultConfigurationName = Release;
		};
		9EDE493C1965418100994D55 /* Build configuration list for PBXNativeTarget "GraphLoader" */ = {
			isa = XCConfigurationList;
			buildConfigurations = (
				9EDE493D1965418100994D55 /* Debug */,
				9EDE493E1965418100994D55 /* Release */,
			);
			defaultConfigurationIsVisible = 0;
			defaultConfigurationName = Release;
		};
		9EDE493F1965418100994D55 /* Build configuration list for PBXNativeTarget "GraphLoaderTests" */ = {
			isa = XCConfigurationList;
			buildConfigurations = (
				9EDE49401965418100994D55 /* Debug */,
				9EDE49411965418100994D55 /* Release */,
			);
			defaultConfigurationIsVisible = 0;
			defaultConfigurationName = Release;
		};
/* End XCConfigurationList section */
	};
	rootObject = 9EDE49021965418100994D55 /* Project object */;
}
